// !$*UTF8*$!
{
	archiveVersion = 1;
	classes = {
	};
	objectVersion = 46;
	objects = {

/* Begin PBXBuildFile section */
		D66F50CE2DCB4E24A0B37FE2 /* MKMapViewX.m in Sources */ = {isa = PBXBuildFile; fileRef = D66F5F060172631F973A873E /* MKMapViewX.m */; };
		D66F50E6F296832EC7068D55 /* NSObjectX.m in Sources */ = {isa = PBXBuildFile; fileRef = D66F52C324269C3574E959D8 /* NSObjectX.m */; };
		D66F511C75622B16D805D675 /* NSManagedObjectContextX.m in Sources */ = {isa = PBXBuildFile; fileRef = D66F5BF83583DBA767203FDF /* NSManagedObjectContextX.m */; };
		D66F513ACD6B08CDCED1F63A /* NSSetX.m in Sources */ = {isa = PBXBuildFile; fileRef = D66F5860117EFB6E6B41D525 /* NSSetX.m */; };
		D66F5152C84335BC305FF92A /* UIKit.framework in Frameworks */ = {isa = PBXBuildFile; fileRef = D66F54E276432E77B3AF4F51 /* UIKit.framework */; };
		D66F51D33E5E801884A56627 /* NSMutableArrayX.m in Sources */ = {isa = PBXBuildFile; fileRef = D66F5F9A496070C3779FE886 /* NSMutableArrayX.m */; };
		D66F53E9AAA83B192EEC00ED /* NSXtensions.podspec in Resources */ = {isa = PBXBuildFile; fileRef = D66F5BAD39FF11AEF71F054E /* NSXtensions.podspec */; };
		D66F53EEA97D41BF80EF5CB0 /* NSUUIDX.m in Sources */ = {isa = PBXBuildFile; fileRef = D66F55B6D1CB86884CF6CAFA /* NSUUIDX.m */; };
		D66F5404DE4253196E7547AA /* XCTest.framework in Frameworks */ = {isa = PBXBuildFile; fileRef = D66F54F18AA85C0DC7C7620E /* XCTest.framework */; };
		D66F54417EB25B14E24BC040 /* Foundation.framework in Frameworks */ = {isa = PBXBuildFile; fileRef = D66F5FCC5E2D16B8842F88E2 /* Foundation.framework */; };
		D66F54E9CCD3354A1A3121C3 /* NSXtensionsTests.m in Sources */ = {isa = PBXBuildFile; fileRef = D66F523327ACF9A659B42AC0 /* NSXtensionsTests.m */; };
		D66F55237D37F85B44631F42 /* UIApplicationX.m in Sources */ = {isa = PBXBuildFile; fileRef = D66F55F909059A27B5553B9E /* UIApplicationX.m */; };
		D66F5566C458A0D7C6EC6306 /* UIAlertViewX.m in Sources */ = {isa = PBXBuildFile; fileRef = D66F5945B452FB2C04811D22 /* UIAlertViewX.m */; };
		D66F556B455EEDD0296D5716 /* UIDeviceX.m in Sources */ = {isa = PBXBuildFile; fileRef = D66F572D25798B4AABEDBCF4 /* UIDeviceX.m */; };
		D66F55852E381AA603EFC654 /* UIColorX.m in Sources */ = {isa = PBXBuildFile; fileRef = D66F569DB3D33FA2FFB15E42 /* UIColorX.m */; };
		D66F56EF6B162F10BDE75785 /* README.md in Resources */ = {isa = PBXBuildFile; fileRef = D66F5091CE0E77CEFC9612CF /* README.md */; };
		D66F5703C1AC49DC6C42D2B5 /* UIWebViewX.m in Sources */ = {isa = PBXBuildFile; fileRef = D66F5F28C9AB5438B010ADC4 /* UIWebViewX.m */; };
		D66F5726871BFAF1C8D97DDE /* NSDateX.m in Sources */ = {isa = PBXBuildFile; fileRef = D66F5008C768048062D1999E /* NSDateX.m */; };
		D66F58116426BEC6C9EF206E /* InfoPlist.strings in Resources */ = {isa = PBXBuildFile; fileRef = D66F5707A119AFDA4EA923AA /* InfoPlist.strings */; };
		D66F5815F287D078F11FAAC7 /* NSExceptionX.m in Sources */ = {isa = PBXBuildFile; fileRef = D66F50D8853B99CEED479844 /* NSExceptionX.m */; };
		D66F59786A8603683767248C /* NSStringX.m in Sources */ = {isa = PBXBuildFile; fileRef = D66F5CCC4CB931604798EE87 /* NSStringX.m */; };
		D66F5B73707C193DB407DB01 /* UIKit.framework in Frameworks */ = {isa = PBXBuildFile; fileRef = D66F54E276432E77B3AF4F51 /* UIKit.framework */; };
		D66F5CA5EAEB53A0F4143F4B /* NSURLX.m in Sources */ = {isa = PBXBuildFile; fileRef = D66F5853C4236F18C9D083F3 /* NSURLX.m */; };
		D66F5D3F30606E7833772046 /* UIImageX.m in Sources */ = {isa = PBXBuildFile; fileRef = D66F5EE3FD16D49D8C417F5B /* UIImageX.m */; };
		D66F5DCFE0C06023F0AD7CD4 /* UITabBarControllerX.m in Sources */ = {isa = PBXBuildFile; fileRef = D66F5EFC1D1C14B97BF22750 /* UITabBarControllerX.m */; };
		D66F5E7D7796D7620FE3CFDC /* CoreGraphics.framework in Frameworks */ = {isa = PBXBuildFile; fileRef = D66F556CFDB4EA61A2493086 /* CoreGraphics.framework */; };
		D66F5EF22806C0C9D91947AE /* NSFileManagerX.m in Sources */ = {isa = PBXBuildFile; fileRef = D66F57A4FD9ED0DECEE7AB99 /* NSFileManagerX.m */; };
		D66F5F208BDCD725F9CAB2DD /* UIViewX.m in Sources */ = {isa = PBXBuildFile; fileRef = D66F5D39C6BE02C912BFA575 /* UIViewX.m */; };
		D66F5FA7DDE639EE9E8169C8 /* NSDictionaryX.m in Sources */ = {isa = PBXBuildFile; fileRef = D66F57F6DA063E142A352979 /* NSDictionaryX.m */; };
		D66F5FF00D2B2D410050D2C2 /* Foundation.framework in Frameworks */ = {isa = PBXBuildFile; fileRef = D66F5FCC5E2D16B8842F88E2 /* Foundation.framework */; };
/* End PBXBuildFile section */

/* Begin PBXContainerItemProxy section */
		D66F573D6D6FB436C52935D2 /* PBXContainerItemProxy */ = {
			isa = PBXContainerItemProxy;
			containerPortal = D66F5996969813BCE5CD8A7E /* Project object */;
			proxyType = 1;
			remoteGlobalIDString = D66F56770470B6ECE71FAB9A;
			remoteInfo = NSXtensions;
		};
/* End PBXContainerItemProxy section */

/* Begin PBXFileReference section */
		D66F5008C768048062D1999E /* NSDateX.m */ = {isa = PBXFileReference; fileEncoding = 4; lastKnownFileType = sourcecode.c.objc; path = NSDateX.m; sourceTree = "<group>"; };
		D66F5091CE0E77CEFC9612CF /* README.md */ = {isa = PBXFileReference; lastKnownFileType = file.md; path = README.md; sourceTree = "<group>"; };
		D66F509AC286CB27283C75AC /* NSObjectX.h */ = {isa = PBXFileReference; fileEncoding = 4; lastKnownFileType = sourcecode.c.h; path = NSObjectX.h; sourceTree = "<group>"; };
		D66F50D8853B99CEED479844 /* NSExceptionX.m */ = {isa = PBXFileReference; fileEncoding = 4; lastKnownFileType = sourcecode.c.objc; path = NSExceptionX.m; sourceTree = "<group>"; };
		D66F523327ACF9A659B42AC0 /* NSXtensionsTests.m */ = {isa = PBXFileReference; lastKnownFileType = sourcecode.c.objc; path = NSXtensionsTests.m; sourceTree = "<group>"; };
		D66F525AD22656CED6253261 /* NSExceptionX.h */ = {isa = PBXFileReference; fileEncoding = 4; lastKnownFileType = sourcecode.c.h; path = NSExceptionX.h; sourceTree = "<group>"; };
		D66F52998D2D9CDCCE0B6696 /* NSFileManagerX.h */ = {isa = PBXFileReference; fileEncoding = 4; lastKnownFileType = sourcecode.c.h; path = NSFileManagerX.h; sourceTree = "<group>"; };
		D66F52A821816BF37766EBBF /* UIApplicationX.h */ = {isa = PBXFileReference; fileEncoding = 4; lastKnownFileType = sourcecode.c.h; path = UIApplicationX.h; sourceTree = "<group>"; };
		D66F52C324269C3574E959D8 /* NSObjectX.m */ = {isa = PBXFileReference; fileEncoding = 4; lastKnownFileType = sourcecode.c.objc; path = NSObjectX.m; sourceTree = "<group>"; };
		D66F536FD3368DA3E68656B5 /* NSDateX.h */ = {isa = PBXFileReference; fileEncoding = 4; lastKnownFileType = sourcecode.c.h; path = NSDateX.h; sourceTree = "<group>"; };
		D66F53837B54BED698BAF23B /* UIDeviceX.h */ = {isa = PBXFileReference; fileEncoding = 4; lastKnownFileType = sourcecode.c.h; path = UIDeviceX.h; sourceTree = "<group>"; };
		D66F53A8AB71E5A9049907A3 /* NSXtensions.app */ = {isa = PBXFileReference; explicitFileType = wrapper.application; includeInIndex = 0; path = NSXtensions.app; sourceTree = BUILT_PRODUCTS_DIR; };
		D66F54E276432E77B3AF4F51 /* UIKit.framework */ = {isa = PBXFileReference; lastKnownFileType = wrapper.framework; name = UIKit.framework; path = System/Library/Frameworks/UIKit.framework; sourceTree = SDKROOT; };
		D66F54F18AA85C0DC7C7620E /* XCTest.framework */ = {isa = PBXFileReference; lastKnownFileType = wrapper.framework; name = XCTest.framework; path = Library/Frameworks/XCTest.framework; sourceTree = DEVELOPER_DIR; };
		D66F54F3D182BDB59FBEEE27 /* UITabBarControllerX.h */ = {isa = PBXFileReference; fileEncoding = 4; lastKnownFileType = sourcecode.c.h; path = UITabBarControllerX.h; sourceTree = "<group>"; };
		D66F550400F1E1023097DADC /* NSSetX.h */ = {isa = PBXFileReference; fileEncoding = 4; lastKnownFileType = sourcecode.c.h; path = NSSetX.h; sourceTree = "<group>"; };
		D66F556CFDB4EA61A2493086 /* CoreGraphics.framework */ = {isa = PBXFileReference; lastKnownFileType = wrapper.framework; name = CoreGraphics.framework; path = System/Library/Frameworks/CoreGraphics.framework; sourceTree = SDKROOT; };
		D66F55B6D1CB86884CF6CAFA /* NSUUIDX.m */ = {isa = PBXFileReference; fileEncoding = 4; lastKnownFileType = sourcecode.c.objc; path = NSUUIDX.m; sourceTree = "<group>"; };
		D66F55F909059A27B5553B9E /* UIApplicationX.m */ = {isa = PBXFileReference; fileEncoding = 4; lastKnownFileType = sourcecode.c.objc; path = UIApplicationX.m; sourceTree = "<group>"; };
		D66F5643ECBCE62D2F4E690B /* UIColorX.h */ = {isa = PBXFileReference; fileEncoding = 4; lastKnownFileType = sourcecode.c.h; path = UIColorX.h; sourceTree = "<group>"; };
		D66F569DB3D33FA2FFB15E42 /* UIColorX.m */ = {isa = PBXFileReference; fileEncoding = 4; lastKnownFileType = sourcecode.c.objc; path = UIColorX.m; sourceTree = "<group>"; };
		D66F572D25798B4AABEDBCF4 /* UIDeviceX.m */ = {isa = PBXFileReference; fileEncoding = 4; lastKnownFileType = sourcecode.c.objc; path = UIDeviceX.m; sourceTree = "<group>"; };
		D66F5775220DF4DB9583C06D /* NSXtensionsTests-Info.plist */ = {isa = PBXFileReference; lastKnownFileType = text.plist.info; path = "NSXtensionsTests-Info.plist"; sourceTree = "<group>"; };
		D66F57A4FD9ED0DECEE7AB99 /* NSFileManagerX.m */ = {isa = PBXFileReference; fileEncoding = 4; lastKnownFileType = sourcecode.c.objc; path = NSFileManagerX.m; sourceTree = "<group>"; };
		D66F57F6DA063E142A352979 /* NSDictionaryX.m */ = {isa = PBXFileReference; fileEncoding = 4; lastKnownFileType = sourcecode.c.objc; path = NSDictionaryX.m; sourceTree = "<group>"; };
		D66F5853C4236F18C9D083F3 /* NSURLX.m */ = {isa = PBXFileReference; fileEncoding = 4; lastKnownFileType = sourcecode.c.objc; path = NSURLX.m; sourceTree = "<group>"; };
		D66F5860117EFB6E6B41D525 /* NSSetX.m */ = {isa = PBXFileReference; fileEncoding = 4; lastKnownFileType = sourcecode.c.objc; path = NSSetX.m; sourceTree = "<group>"; };
		D66F5868268E8A1A739BC586 /* UIWebViewX.h */ = {isa = PBXFileReference; fileEncoding = 4; lastKnownFileType = sourcecode.c.h; path = UIWebViewX.h; sourceTree = "<group>"; };
		D66F5945B452FB2C04811D22 /* UIAlertViewX.m */ = {isa = PBXFileReference; fileEncoding = 4; lastKnownFileType = sourcecode.c.objc; path = UIAlertViewX.m; sourceTree = "<group>"; };
		D66F59D0816F5D4A3AEA3E6B /* NSStringX.h */ = {isa = PBXFileReference; fileEncoding = 4; lastKnownFileType = sourcecode.c.h; path = NSStringX.h; sourceTree = "<group>"; };
		D66F5A1F226F3FDE8580046C /* NSDictionaryX.h */ = {isa = PBXFileReference; fileEncoding = 4; lastKnownFileType = sourcecode.c.h; path = NSDictionaryX.h; sourceTree = "<group>"; };
		D66F5B29EF601231D83A74EE /* NSUUIDX.h */ = {isa = PBXFileReference; fileEncoding = 4; lastKnownFileType = sourcecode.c.h; path = NSUUIDX.h; sourceTree = "<group>"; };
		D66F5B45F10F803743F7A3E5 /* UIViewX.h */ = {isa = PBXFileReference; fileEncoding = 4; lastKnownFileType = sourcecode.c.h; path = UIViewX.h; sourceTree = "<group>"; };
		D66F5BAD39FF11AEF71F054E /* NSXtensions.podspec */ = {isa = PBXFileReference; lastKnownFileType = file.podspec; path = NSXtensions.podspec; sourceTree = "<group>"; };
		D66F5BE9DAF98BE727893EF9 /* NSManagedObjectContextX.h */ = {isa = PBXFileReference; fileEncoding = 4; lastKnownFileType = sourcecode.c.h; path = NSManagedObjectContextX.h; sourceTree = "<group>"; };
		D66F5BF83583DBA767203FDF /* NSManagedObjectContextX.m */ = {isa = PBXFileReference; fileEncoding = 4; lastKnownFileType = sourcecode.c.objc; path = NSManagedObjectContextX.m; sourceTree = "<group>"; };
		D66F5C367CD6467271C2296C /* NSURLX.h */ = {isa = PBXFileReference; fileEncoding = 4; lastKnownFileType = sourcecode.c.h; path = NSURLX.h; sourceTree = "<group>"; };
		D66F5C740C01C09F59D8E2BA /* NSXtensionsTests.xctest */ = {isa = PBXFileReference; explicitFileType = wrapper.cfbundle; includeInIndex = 0; path = NSXtensionsTests.xctest; sourceTree = BUILT_PRODUCTS_DIR; };
		D66F5CCC4CB931604798EE87 /* NSStringX.m */ = {isa = PBXFileReference; fileEncoding = 4; lastKnownFileType = sourcecode.c.objc; path = NSStringX.m; sourceTree = "<group>"; };
		D66F5D39C6BE02C912BFA575 /* UIViewX.m */ = {isa = PBXFileReference; fileEncoding = 4; lastKnownFileType = sourcecode.c.objc; path = UIViewX.m; sourceTree = "<group>"; };
		D66F5E07BEFAB80E27A7156C /* MKMapViewX.h */ = {isa = PBXFileReference; fileEncoding = 4; lastKnownFileType = sourcecode.c.h; path = MKMapViewX.h; sourceTree = "<group>"; };
		D66F5E6FE14676CCDAD6961A /* UIAlertViewX.h */ = {isa = PBXFileReference; fileEncoding = 4; lastKnownFileType = sourcecode.c.h; path = UIAlertViewX.h; sourceTree = "<group>"; };
		D66F5EB22C12A2A9DD61F1B8 /* UIImageX.h */ = {isa = PBXFileReference; fileEncoding = 4; lastKnownFileType = sourcecode.c.h; path = UIImageX.h; sourceTree = "<group>"; };
		D66F5EE2B1302431E2B662F5 /* NSXtensions.h */ = {isa = PBXFileReference; fileEncoding = 4; lastKnownFileType = sourcecode.c.h; path = NSXtensions.h; sourceTree = "<group>"; };
		D66F5EE3FD16D49D8C417F5B /* UIImageX.m */ = {isa = PBXFileReference; fileEncoding = 4; lastKnownFileType = sourcecode.c.objc; path = UIImageX.m; sourceTree = "<group>"; };
		D66F5EFC1D1C14B97BF22750 /* UITabBarControllerX.m */ = {isa = PBXFileReference; fileEncoding = 4; lastKnownFileType = sourcecode.c.objc; path = UITabBarControllerX.m; sourceTree = "<group>"; };
		D66F5F060172631F973A873E /* MKMapViewX.m */ = {isa = PBXFileReference; fileEncoding = 4; lastKnownFileType = sourcecode.c.objc; path = MKMapViewX.m; sourceTree = "<group>"; };
		D66F5F28C9AB5438B010ADC4 /* UIWebViewX.m */ = {isa = PBXFileReference; fileEncoding = 4; lastKnownFileType = sourcecode.c.objc; path = UIWebViewX.m; sourceTree = "<group>"; };
		D66F5F64B2AD679FA5F0425A /* NSMutableArrayX.h */ = {isa = PBXFileReference; fileEncoding = 4; lastKnownFileType = sourcecode.c.h; path = NSMutableArrayX.h; sourceTree = "<group>"; };
		D66F5F75BEEEC13F8D55CAB9 /* en */ = {isa = PBXFileReference; lastKnownFileType = text.plist.strings; name = en; path = en.lproj/InfoPlist.strings; sourceTree = "<group>"; };
		D66F5F9A496070C3779FE886 /* NSMutableArrayX.m */ = {isa = PBXFileReference; fileEncoding = 4; lastKnownFileType = sourcecode.c.objc; path = NSMutableArrayX.m; sourceTree = "<group>"; };
		D66F5FCC5E2D16B8842F88E2 /* Foundation.framework */ = {isa = PBXFileReference; lastKnownFileType = wrapper.framework; name = Foundation.framework; path = System/Library/Frameworks/Foundation.framework; sourceTree = SDKROOT; };
/* End PBXFileReference section */

/* Begin PBXFrameworksBuildPhase section */
		D66F55FB0B8C1E4EAAB63A41 /* Frameworks */ = {
			isa = PBXFrameworksBuildPhase;
			buildActionMask = 2147483647;
			files = (
				D66F5404DE4253196E7547AA /* XCTest.framework in Frameworks */,
				D66F54417EB25B14E24BC040 /* Foundation.framework in Frameworks */,
				D66F5152C84335BC305FF92A /* UIKit.framework in Frameworks */,
			);
			runOnlyForDeploymentPostprocessing = 0;
		};
		D66F5BE2D4A0737D8DF19CF7 /* Frameworks */ = {
			isa = PBXFrameworksBuildPhase;
			buildActionMask = 2147483647;
			files = (
				D66F5FF00D2B2D410050D2C2 /* Foundation.framework in Frameworks */,
				D66F5E7D7796D7620FE3CFDC /* CoreGraphics.framework in Frameworks */,
				D66F5B73707C193DB407DB01 /* UIKit.framework in Frameworks */,
			);
			runOnlyForDeploymentPostprocessing = 0;
		};
/* End PBXFrameworksBuildPhase section */

/* Begin PBXGroup section */
		D66F560CA14B3322F8B25CD6 /* Supporting Files */ = {
			isa = PBXGroup;
			children = (
				D66F5775220DF4DB9583C06D /* NSXtensionsTests-Info.plist */,
				D66F5707A119AFDA4EA923AA /* InfoPlist.strings */,
			);
			name = "Supporting Files";
			sourceTree = "<group>";
		};
		D66F569E4116D5089EAEC2E7 /* Products */ = {
			isa = PBXGroup;
			children = (
				D66F53A8AB71E5A9049907A3 /* NSXtensions.app */,
				D66F5C740C01C09F59D8E2BA /* NSXtensionsTests.xctest */,
			);
			name = Products;
			sourceTree = "<group>";
		};
		D66F56C9E871115892127ABB /* NSXtensionsTests */ = {
			isa = PBXGroup;
			children = (
				D66F560CA14B3322F8B25CD6 /* Supporting Files */,
				D66F523327ACF9A659B42AC0 /* NSXtensionsTests.m */,
			);
			path = NSXtensionsTests;
			sourceTree = "<group>";
		};
		D66F5C81832CE82C7DC21C3B = {
			isa = PBXGroup;
			children = (
				D66F569E4116D5089EAEC2E7 /* Products */,
				D66F5FF231F4FF032284B9B6 /* Frameworks */,
				D66F56C9E871115892127ABB /* NSXtensionsTests */,
				D66F5E07BEFAB80E27A7156C /* MKMapViewX.h */,
				D66F5F060172631F973A873E /* MKMapViewX.m */,
				D66F536FD3368DA3E68656B5 /* NSDateX.h */,
				D66F5008C768048062D1999E /* NSDateX.m */,
				D66F5A1F226F3FDE8580046C /* NSDictionaryX.h */,
				D66F57F6DA063E142A352979 /* NSDictionaryX.m */,
				D66F525AD22656CED6253261 /* NSExceptionX.h */,
				D66F50D8853B99CEED479844 /* NSExceptionX.m */,
				D66F52998D2D9CDCCE0B6696 /* NSFileManagerX.h */,
				D66F57A4FD9ED0DECEE7AB99 /* NSFileManagerX.m */,
				D66F5BE9DAF98BE727893EF9 /* NSManagedObjectContextX.h */,
				D66F5BF83583DBA767203FDF /* NSManagedObjectContextX.m */,
				D66F5F64B2AD679FA5F0425A /* NSMutableArrayX.h */,
				D66F5F9A496070C3779FE886 /* NSMutableArrayX.m */,
				D66F509AC286CB27283C75AC /* NSObjectX.h */,
				D66F52C324269C3574E959D8 /* NSObjectX.m */,
				D66F550400F1E1023097DADC /* NSSetX.h */,
				D66F5860117EFB6E6B41D525 /* NSSetX.m */,
				D66F59D0816F5D4A3AEA3E6B /* NSStringX.h */,
				D66F5CCC4CB931604798EE87 /* NSStringX.m */,
				D66F5C367CD6467271C2296C /* NSURLX.h */,
				D66F5853C4236F18C9D083F3 /* NSURLX.m */,
				D66F5B29EF601231D83A74EE /* NSUUIDX.h */,
				D66F55B6D1CB86884CF6CAFA /* NSUUIDX.m */,
				D66F5EE2B1302431E2B662F5 /* NSXtensions.h */,
				D66F5BAD39FF11AEF71F054E /* NSXtensions.podspec */,
				D66F5091CE0E77CEFC9612CF /* README.md */,
				D66F5E6FE14676CCDAD6961A /* UIAlertViewX.h */,
				D66F5945B452FB2C04811D22 /* UIAlertViewX.m */,
				D66F52A821816BF37766EBBF /* UIApplicationX.h */,
				D66F55F909059A27B5553B9E /* UIApplicationX.m */,
				D66F5643ECBCE62D2F4E690B /* UIColorX.h */,
				D66F569DB3D33FA2FFB15E42 /* UIColorX.m */,
				D66F53837B54BED698BAF23B /* UIDeviceX.h */,
				D66F572D25798B4AABEDBCF4 /* UIDeviceX.m */,
				D66F5EB22C12A2A9DD61F1B8 /* UIImageX.h */,
				D66F5EE3FD16D49D8C417F5B /* UIImageX.m */,
				D66F54F3D182BDB59FBEEE27 /* UITabBarControllerX.h */,
				D66F5EFC1D1C14B97BF22750 /* UITabBarControllerX.m */,
				D66F5B45F10F803743F7A3E5 /* UIViewX.h */,
				D66F5D39C6BE02C912BFA575 /* UIViewX.m */,
				D66F5868268E8A1A739BC586 /* UIWebViewX.h */,
				D66F5F28C9AB5438B010ADC4 /* UIWebViewX.m */,
			);
			sourceTree = "<group>";
		};
		D66F5FF231F4FF032284B9B6 /* Frameworks */ = {
			isa = PBXGroup;
			children = (
				D66F5FCC5E2D16B8842F88E2 /* Foundation.framework */,
				D66F556CFDB4EA61A2493086 /* CoreGraphics.framework */,
				D66F54E276432E77B3AF4F51 /* UIKit.framework */,
				D66F54F18AA85C0DC7C7620E /* XCTest.framework */,
			);
			name = Frameworks;
			sourceTree = "<group>";
		};
/* End PBXGroup section */

/* Begin PBXNativeTarget section */
		D66F56770470B6ECE71FAB9A /* NSXtensions */ = {
			isa = PBXNativeTarget;
			buildConfigurationList = D66F5FCFF7AE4C9B8C3EB31A /* Build configuration list for PBXNativeTarget "NSXtensions" */;
			buildPhases = (
				D66F527FCBB9EC299FBC9AFE /* Sources */,
				D66F5BE2D4A0737D8DF19CF7 /* Frameworks */,
				D66F565B694C0BF318372A63 /* Resources */,
			);
			buildRules = (
			);
			dependencies = (
			);
			name = NSXtensions;
			productName = NSXtensions;
			productReference = D66F53A8AB71E5A9049907A3 /* NSXtensions.app */;
			productType = "com.apple.product-type.application";
		};
		D66F5D6946A42B55B99219A0 /* NSXtensionsTests */ = {
			isa = PBXNativeTarget;
			buildConfigurationList = D66F55167D1C6762710836E0 /* Build configuration list for PBXNativeTarget "NSXtensionsTests" */;
			buildPhases = (
				D66F55F5A6E87983D62304F6 /* Sources */,
				D66F55FB0B8C1E4EAAB63A41 /* Frameworks */,
				D66F52CB0A62AA094724EFC6 /* Resources */,
			);
			buildRules = (
			);
			dependencies = (
				D66F5D49EFD798329FE4E34C /* PBXTargetDependency */,
			);
			name = NSXtensionsTests;
			productName = NSXtensionsTests;
			productReference = D66F5C740C01C09F59D8E2BA /* NSXtensionsTests.xctest */;
			productType = "com.apple.product-type.bundle.unit-test";
		};
/* End PBXNativeTarget section */

/* Begin PBXProject section */
		D66F5996969813BCE5CD8A7E /* Project object */ = {
			isa = PBXProject;
			attributes = {
				ORGANIZATIONNAME = "Anthony Shoumikhin";
			};
			buildConfigurationList = D66F55EF7E723964E86D5046 /* Build configuration list for PBXProject "NSXtensions" */;
			compatibilityVersion = "Xcode 3.2";
			developmentRegion = English;
			hasScannedForEncodings = 0;
			knownRegions = (
				en,
			);
			mainGroup = D66F5C81832CE82C7DC21C3B;
			productRefGroup = D66F569E4116D5089EAEC2E7 /* Products */;
			projectDirPath = "";
			projectRoot = "";
			targets = (
				D66F56770470B6ECE71FAB9A /* NSXtensions */,
				D66F5D6946A42B55B99219A0 /* NSXtensionsTests */,
			);
		};
/* End PBXProject section */

/* Begin PBXResourcesBuildPhase section */
		D66F52CB0A62AA094724EFC6 /* Resources */ = {
			isa = PBXResourcesBuildPhase;
			buildActionMask = 2147483647;
			files = (
				D66F58116426BEC6C9EF206E /* InfoPlist.strings in Resources */,
			);
			runOnlyForDeploymentPostprocessing = 0;
		};
		D66F565B694C0BF318372A63 /* Resources */ = {
			isa = PBXResourcesBuildPhase;
			buildActionMask = 2147483647;
			files = (
				D66F53E9AAA83B192EEC00ED /* NSXtensions.podspec in Resources */,
				D66F56EF6B162F10BDE75785 /* README.md in Resources */,
			);
			runOnlyForDeploymentPostprocessing = 0;
		};
/* End PBXResourcesBuildPhase section */

/* Begin PBXSourcesBuildPhase section */
		D66F527FCBB9EC299FBC9AFE /* Sources */ = {
			isa = PBXSourcesBuildPhase;
			buildActionMask = 2147483647;
			files = (
				D66F50CE2DCB4E24A0B37FE2 /* MKMapViewX.m in Sources */,
				D66F5726871BFAF1C8D97DDE /* NSDateX.m in Sources */,
				D66F5FA7DDE639EE9E8169C8 /* NSDictionaryX.m in Sources */,
				D66F5815F287D078F11FAAC7 /* NSExceptionX.m in Sources */,
				D66F5EF22806C0C9D91947AE /* NSFileManagerX.m in Sources */,
				D66F511C75622B16D805D675 /* NSManagedObjectContextX.m in Sources */,
				D66F51D33E5E801884A56627 /* NSMutableArrayX.m in Sources */,
				D66F50E6F296832EC7068D55 /* NSObjectX.m in Sources */,
				D66F513ACD6B08CDCED1F63A /* NSSetX.m in Sources */,
				D66F59786A8603683767248C /* NSStringX.m in Sources */,
				D66F5CA5EAEB53A0F4143F4B /* NSURLX.m in Sources */,
				D66F53EEA97D41BF80EF5CB0 /* NSUUIDX.m in Sources */,
				D66F5566C458A0D7C6EC6306 /* UIAlertViewX.m in Sources */,
				D66F55237D37F85B44631F42 /* UIApplicationX.m in Sources */,
				D66F55852E381AA603EFC654 /* UIColorX.m in Sources */,
				D66F556B455EEDD0296D5716 /* UIDeviceX.m in Sources */,
				D66F5D3F30606E7833772046 /* UIImageX.m in Sources */,
				D66F5DCFE0C06023F0AD7CD4 /* UITabBarControllerX.m in Sources */,
				D66F5F208BDCD725F9CAB2DD /* UIViewX.m in Sources */,
				D66F5703C1AC49DC6C42D2B5 /* UIWebViewX.m in Sources */,
			);
			runOnlyForDeploymentPostprocessing = 0;
		};
		D66F55F5A6E87983D62304F6 /* Sources */ = {
			isa = PBXSourcesBuildPhase;
			buildActionMask = 2147483647;
			files = (
				D66F54E9CCD3354A1A3121C3 /* NSXtensionsTests.m in Sources */,
			);
			runOnlyForDeploymentPostprocessing = 0;
		};
/* End PBXSourcesBuildPhase section */

/* Begin PBXTargetDependency section */
		D66F5D49EFD798329FE4E34C /* PBXTargetDependency */ = {
			isa = PBXTargetDependency;
			target = D66F56770470B6ECE71FAB9A /* NSXtensions */;
			targetProxy = D66F573D6D6FB436C52935D2 /* PBXContainerItemProxy */;
		};
/* End PBXTargetDependency section */

/* Begin PBXVariantGroup section */
		D66F5707A119AFDA4EA923AA /* InfoPlist.strings */ = {
			isa = PBXVariantGroup;
			children = (
				D66F5F75BEEEC13F8D55CAB9 /* en */,
			);
			name = InfoPlist.strings;
			sourceTree = "<group>";
		};
/* End PBXVariantGroup section */

/* Begin XCBuildConfiguration section */
		D66F50ED6DC1DE1BE94E4664 /* Debug */ = {
			isa = XCBuildConfiguration;
			buildSettings = {
				ASSETCATALOG_COMPILER_APPICON_NAME = AppIcon;
				ASSETCATALOG_COMPILER_LAUNCHIMAGE_NAME = LaunchImage;
				GCC_PRECOMPILE_PREFIX_HEADER = YES;
				GCC_PREFIX_HEADER = "NSXtensions/NSXtensions-Prefix.pch";
				INFOPLIST_FILE = "NSXtensions/NSXtensions-Info.plist";
				PRODUCT_NAME = "$(TARGET_NAME)";
				WRAPPER_EXTENSION = app;
			};
			name = Debug;
		};
		D66F51D843F7AC98B8D881DC /* Debug */ = {
			isa = XCBuildConfiguration;
			buildSettings = {
				FRAMEWORK_SEARCH_PATHS = (
					"$(SDKROOT)/Developer/Library/Frameworks",
					"$(inherited)",
				);
				GCC_PRECOMPILE_PREFIX_HEADER = YES;
				GCC_PREFIX_HEADER = "NSXtensions/NSXtensions-Prefix.pch";
				INFOPLIST_FILE = "NSXtensionsTests/NSXtensionsTests-Info.plist";
				PRODUCT_NAME = "$(TARGET_NAME)";
				WRAPPER_EXTENSION = xctest;
			};
			name = Debug;
		};
		D66F53EECBA4A210BC52DD8E /* Debug */ = {
			isa = XCBuildConfiguration;
			buildSettings = {
				ALWAYS_SEARCH_USER_PATHS = NO;
				CLANG_CXX_LANGUAGE_STANDARD = "gnu++0x";
				CLANG_CXX_LIBRARY = "libc++";
				CLANG_ENABLE_MODULES = YES;
				CLANG_ENABLE_OBJC_ARC = YES;
				CLANG_WARN_BOOL_CONVERSION = YES;
				CLANG_WARN_CONSTANT_CONVERSION = YES;
				CLANG_WARN_DIRECT_OBJC_ISA_USAGE = YES_ERROR;
				CLANG_WARN_EMPTY_BODY = YES;
				CLANG_WARN_ENUM_CONVERSION = YES;
				CLANG_WARN_INT_CONVERSION = YES;
				CLANG_WARN_OBJC_ROOT_CLASS = YES_ERROR;
				CLANG_WARN__DUPLICATE_METHOD_MATCH = YES;
				"CODE_SIGN_IDENTITY[sdk=iphoneos*]" = "iPhone Developer";
				COPY_PHASE_STRIP = NO;
				GCC_C_LANGUAGE_STANDARD = gnu99;
				GCC_DYNAMIC_NO_PIC = NO;
				GCC_OPTIMIZATION_LEVEL = 0;
				GCC_PREPROCESSOR_DEFINITIONS = (
					"DEBUG=1",
					"$(inherited)",
				);
				GCC_SYMBOLS_PRIVATE_EXTERN = NO;
				GCC_WARN_64_TO_32_BIT_CONVERSION = YES;
				GCC_WARN_ABOUT_RETURN_TYPE = YES_ERROR;
				GCC_WARN_UNDECLARED_SELECTOR = YES;
				GCC_WARN_UNINITIALIZED_AUTOS = YES_AGGRESSIVE;
				GCC_WARN_UNUSED_FUNCTION = YES;
				GCC_WARN_UNUSED_VARIABLE = YES;
				IPHONEOS_DEPLOYMENT_TARGET = 7.1;
				ONLY_ACTIVE_ARCH = YES;
				SDKROOT = iphoneos;
				TARGETED_DEVICE_FAMILY = "1,2";
			};
			name = Debug;
		};
		D66F55CFC70864BA7267B969 /* Release */ = {
			isa = XCBuildConfiguration;
			buildSettings = {
				ALWAYS_SEARCH_USER_PATHS = NO;
				CLANG_CXX_LANGUAGE_STANDARD = "gnu++0x";
				CLANG_CXX_LIBRARY = "libc++";
				CLANG_ENABLE_MODULES = YES;
				CLANG_ENABLE_OBJC_ARC = YES;
				CLANG_WARN_BOOL_CONVERSION = YES;
				CLANG_WARN_CONSTANT_CONVERSION = YES;
				CLANG_WARN_DIRECT_OBJC_ISA_USAGE = YES_ERROR;
				CLANG_WARN_EMPTY_BODY = YES;
				CLANG_WARN_ENUM_CONVERSION = YES;
				CLANG_WARN_INT_CONVERSION = YES;
				CLANG_WARN_OBJC_ROOT_CLASS = YES_ERROR;
				CLANG_WARN__DUPLICATE_METHOD_MATCH = YES;
				"CODE_SIGN_IDENTITY[sdk=iphoneos*]" = "iPhone Developer";
				COPY_PHASE_STRIP = YES;
				ENABLE_NS_ASSERTIONS = NO;
				GCC_C_LANGUAGE_STANDARD = gnu99;
				GCC_WARN_64_TO_32_BIT_CONVERSION = YES;
				GCC_WARN_ABOUT_RETURN_TYPE = YES_ERROR;
				GCC_WARN_UNDECLARED_SELECTOR = YES;
				GCC_WARN_UNINITIALIZED_AUTOS = YES_AGGRESSIVE;
				GCC_WARN_UNUSED_FUNCTION = YES;
				GCC_WARN_UNUSED_VARIABLE = YES;
				IPHONEOS_DEPLOYMENT_TARGET = 7.1;
				SDKROOT = iphoneos;
				TARGETED_DEVICE_FAMILY = "1,2";
				VALIDATE_PRODUCT = YES;
			};
			name = Release;
		};
		D66F5956947ECFF21A693457 /* Release */ = {
			isa = XCBuildConfiguration;
			buildSettings = {
				FRAMEWORK_SEARCH_PATHS = (
					"$(SDKROOT)/Developer/Library/Frameworks",
					"$(inherited)",
				);
				GCC_PRECOMPILE_PREFIX_HEADER = YES;
				GCC_PREFIX_HEADER = "NSXtensions/NSXtensions-Prefix.pch";
				INFOPLIST_FILE = "NSXtensionsTests/NSXtensionsTests-Info.plist";
				PRODUCT_NAME = "$(TARGET_NAME)";
				WRAPPER_EXTENSION = xctest;
			};
			name = Release;
		};
		D66F5D326F57D7758F1785D6 /* Release */ = {
			isa = XCBuildConfiguration;
			buildSettings = {
				ASSETCATALOG_COMPILER_APPICON_NAME = AppIcon;
				ASSETCATALOG_COMPILER_LAUNCHIMAGE_NAME = LaunchImage;
				GCC_PRECOMPILE_PREFIX_HEADER = YES;
				GCC_PREFIX_HEADER = "NSXtensions/NSXtensions-Prefix.pch";
				INFOPLIST_FILE = "NSXtensions/NSXtensions-Info.plist";
				PRODUCT_NAME = "$(TARGET_NAME)";
				WRAPPER_EXTENSION = app;
			};
			name = Release;
		};
/* End XCBuildConfiguration section */

/* Begin XCConfigurationList section */
		D66F55167D1C6762710836E0 /* Build configuration list for PBXNativeTarget "NSXtensionsTests" */ = {
			isa = XCConfigurationList;
			buildConfigurations = (
				D66F5956947ECFF21A693457 /* Release */,
				D66F51D843F7AC98B8D881DC /* Debug */,
			);
			defaultConfigurationIsVisible = 0;
		};
		D66F55EF7E723964E86D5046 /* Build configuration list for PBXProject "NSXtensions" */ = {
			isa = XCConfigurationList;
			buildConfigurations = (
				D66F55CFC70864BA7267B969 /* Release */,
				D66F53EECBA4A210BC52DD8E /* Debug */,
			);
			defaultConfigurationIsVisible = 0;
			defaultConfigurationName = Release;
		};
		D66F5FCFF7AE4C9B8C3EB31A /* Build configuration list for PBXNativeTarget "NSXtensions" */ = {
			isa = XCConfigurationList;
			buildConfigurations = (
				D66F5D326F57D7758F1785D6 /* Release */,
				D66F50ED6DC1DE1BE94E4664 /* Debug */,
			);
			defaultConfigurationIsVisible = 0;
		};
/* End XCConfigurationList section */
	};
	rootObject = D66F5996969813BCE5CD8A7E /* Project object */;
}
